{
  "name": "rapidsnark",
  "version": "0.0.1",
  "lockfileVersion": 3,
  "requires": true,
  "packages": {
    "": {
      "name": "rapidsnark",
      "version": "0.0.1",
      "license": "GPL-3.0",
      "dependencies": {
        "node-fetch": "^2.6.1"
      },
      "devDependencies": {
        "tasksfile": "^5.1.1"
      }
    },
    "node_modules/@pawelgalazka/cli": {
      "version": "2.0.3",
      "resolved": "https://registry.npmjs.org/@pawelgalazka/cli/-/cli-2.0.3.tgz",
      "integrity": "sha512-PjR8WGDfd8KLFdRS0ceZC/V99xCMN+z6MVThoaqODEOrgwSyP1qA1nVc8JXOI5cxGQ5OBvSDikrvulXYnzgIjg==",
      "deprecated": "Package no longer supported. Contact Support at https://www.npmjs.com/support for more info.",
      "dev": true,
      "dependencies": {
        "@pawelgalazka/cli-args": "1.1.3",
        "@pawelgalazka/middleware": "1.0.0",
        "chalk": "2.4.2",
        "lodash": "4.17.15"
      },
      "engines": {
        "node": ">=8.6.0"
      }
    },
    "node_modules/@pawelgalazka/cli-args": {
      "version": "1.1.3",
      "resolved": "https://registry.npmjs.org/@pawelgalazka/cli-args/-/cli-args-1.1.3.tgz",
      "integrity": "sha512-snkj9nX11F/2+7t/aQUbGC4iYMMZ2BQMoSsJ0IUUimzkOM9jb12QFAGubsOo9TibmfTN/g0DJ+ciOgXB/YEClQ==",
      "deprecated": "Package no longer supported. Contact Support at https://www.npmjs.com/support for more info.",
      "dev": true,
      "engines": {
        "node": ">=6.16.0"
      }
    },
    "node_modules/@pawelgalazka/cli/node_modules/lodash": {
      "version": "4.17.15",
      "resolved": "https://registry.npmjs.org/lodash/-/lodash-4.17.15.tgz",
      "integrity": "sha512-8xOcRHvCjnocdS5cpwXQXVzmmh5e5+saE2QGoeQmbKmRS6J3VQppPOIt0MnmE+4xlZoumy0GPG0D0MVIQbNA1A==",
      "dev": true
    },
    "node_modules/@pawelgalazka/middleware": {
      "version": "1.0.0",
      "resolved": "https://registry.npmjs.org/@pawelgalazka/middleware/-/middleware-1.0.0.tgz",
      "integrity": "sha512-BHE0ZFTDhfrAWzeoeUkhKXCjh0NFcd7dYJJiekW6sp3xbhaWTVBoaJbyZthWJEeow4FHJInjeEIBwbkGKqZzRg==",
      "deprecated": "Package no longer supported. Contact Support at https://www.npmjs.com/support for more info.",
      "dev": true
    },
    "node_modules/@pawelgalazka/shell": {
      "version": "2.0.0",
      "resolved": "https://registry.npmjs.org/@pawelgalazka/shell/-/shell-2.0.0.tgz",
      "integrity": "sha512-MsNuS9M2vVbJNW3+YSiz9eF0/U2ZPlEEVC4ky8QJnxFlU4H7DZOH5A1hDQUfF5DV/pYwBD76dkF3+mrzZTJ3Tw==",
      "deprecated": "Package no longer supported. Contact Support at https://www.npmjs.com/support for more info.",
      "dev": true,
      "engines": {
        "node": ">=8.6.0"
      }
    },
    "node_modules/ansi-styles": {
      "version": "3.2.1",
      "resolved": "https://registry.npmjs.org/ansi-styles/-/ansi-styles-3.2.1.tgz",
      "integrity": "sha512-VT0ZI6kZRdTh8YyJw3SMbYm/u+NqfsAxEpWO0Pf9sq8/e94WxxOpPKx9FR1FlyCtOVDNOQ+8ntlqFxiRc+r5qA==",
      "dev": true,
      "dependencies": {
        "color-convert": "^1.9.0"
      },
      "engines": {
        "node": ">=4"
      }
    },
    "node_modules/chalk": {
      "version": "2.4.2",
      "resolved": "https://registry.npmjs.org/chalk/-/chalk-2.4.2.tgz",
      "integrity": "sha512-Mti+f9lpJNcwF4tWV8/OrTTtF1gZi+f8FqlyAdouralcFWFQWF2+NgCHShjkCb+IFBLq9buZwE1xckQU4peSuQ==",
      "dev": true,
      "dependencies": {
        "ansi-styles": "^3.2.1",
        "escape-string-regexp": "^1.0.5",
        "supports-color": "^5.3.0"
      },
      "engines": {
        "node": ">=4"
      }
    },
    "node_modules/color-convert": {
      "version": "1.9.3",
      "resolved": "https://registry.npmjs.org/color-convert/-/color-convert-1.9.3.tgz",
      "integrity": "sha512-QfAUtd+vFdAtFQcC8CCyYt1fYWxSqAiK2cSD6zDB8N3cpsEBAvRxp9zOGg6G/SHHJYAT88/az/IuDGALsNVbGg==",
      "dev": true,
      "dependencies": {
        "color-name": "1.1.3"
      }
    },
    "node_modules/color-name": {
      "version": "1.1.3",
      "resolved": "https://registry.npmjs.org/color-name/-/color-name-1.1.3.tgz",
      "integrity": "sha1-p9BVi9icQveV3UIyj3QIMcpTvCU=",
      "dev": true
    },
    "node_modules/escape-string-regexp": {
      "version": "1.0.5",
      "resolved": "https://registry.npmjs.org/escape-string-regexp/-/escape-string-regexp-1.0.5.tgz",
      "integrity": "sha1-G2HAViGQqN/2rjuyzwIAyhMLhtQ=",
      "dev": true,
      "engines": {
        "node": ">=0.8.0"
      }
    },
    "node_modules/has-flag": {
      "version": "3.0.0",
      "resolved": "https://registry.npmjs.org/has-flag/-/has-flag-3.0.0.tgz",
      "integrity": "sha1-tdRU3CGZriJWmfNGfloH87lVuv0=",
      "dev": true,
      "engines": {
        "node": ">=4"
      }
    },
    "node_modules/node-fetch": {
      "version": "2.6.1",
      "resolved": "https://registry.npmjs.org/node-fetch/-/node-fetch-2.6.1.tgz",
      "integrity": "sha512-V4aYg89jEoVRxRb2fJdAg8FHvI7cEyYdVAh94HH0UIK8oJxUfkjlDQN9RbMx+bEjP7+ggMiFRprSti032Oipxw==",
      "engines": {
        "node": "4.x || >=6.0.0"
      }
    },
    "node_modules/supports-color": {
      "version": "5.5.0",
      "resolved": "https://registry.npmjs.org/supports-color/-/supports-color-5.5.0.tgz",
      "integrity": "sha512-QjVjwdXIt408MIiAqCX4oUKsgU2EqAGzs2Ppkm4aQYbjm+ZEWEcW4SfFNTr4uMNZma0ey4f5lgLrkB0aX0QMow==",
      "dev": true,
      "dependencies": {
        "has-flag": "^3.0.0"
      },
      "engines": {
        "node": ">=4"
      }
    },
    "node_modules/tasksfile": {
      "version": "5.1.1",
      "resolved": "https://registry.npmjs.org/tasksfile/-/tasksfile-5.1.1.tgz",
      "integrity": "sha512-G5d3pT8qHgRy3L2zUj+SJMr1C44k2tr+68e1gRxPs6bFHDq/qr3l6BmT2O7OcaGryOHrHIMhwnU3ZTjXGvsXxQ==",
      "deprecated": "Package no longer supported. Contact Support at https://www.npmjs.com/support for more info.",
      "dev": true,
      "dependencies": {
        "@pawelgalazka/cli": "2.0.3",
        "@pawelgalazka/shell": "2.0.0",
        "chalk": "2.3.0"
      },
      "bin": {
        "task": "bin/task.js"
      },
      "engines": {
        "node": ">=6.11.1"
      }
    },
    "node_modules/tasksfile/node_modules/chalk": {
      "version": "2.3.0",
      "resolved": "https://registry.npmjs.org/chalk/-/chalk-2.3.0.tgz",
      "integrity": "sha512-Az5zJR2CBujap2rqXGaJKaPHyJ0IrUimvYNX+ncCy8PJP4ltOGTrHUIo097ZaL2zMeKYpiCdqDvS6zdrTFok3Q==",
      "dev": true,
      "dependencies": {
        "ansi-styles": "^3.1.0",
        "escape-string-regexp": "^1.0.5",
        "supports-color": "^4.0.0"
      },
      "engines": {
        "node": ">=4"
      }
    },
    "node_modules/tasksfile/node_modules/has-flag": {
      "version": "2.0.0",
      "resolved": "https://registry.npmjs.org/has-flag/-/has-flag-2.0.0.tgz",
      "integrity": "sha1-6CB68cx7MNRGzHC3NLXovhj4jVE=",
      "dev": true,
      "engines": {
        "node": ">=0.10.0"
      }
    },
    "node_modules/tasksfile/node_modules/supports-color": {
      "version": "4.5.0",
      "resolved": "https://registry.npmjs.org/supports-color/-/supports-color-4.5.0.tgz",
      "integrity": "sha1-vnoN5ITexcXN34s9WRJQRJEvY1s=",
      "dev": true,
      "dependencies": {
        "has-flag": "^2.0.0"
      },
      "engines": {
        "node": ">=4"
      }
    }
  }
}
